
Microsoft Visual Studio Solution File, Format Version 12.00
# Visual Studio Version 17
VisualStudioVersion = 17.5.33627.172
MinimumVisualStudioVersion = 10.0.40219.1
Project("{FAE04EC0-301F-11D3-BF4B-00C04F79EFBC}") = "Reiz Tech Assigment", "Reiz Tech Assigment\Reiz Tech Assigment.csproj", "{5EB3E2E5-8001-4547-917D-CAC6AC6468C0}"
EndProject
Global
	GlobalSection(SolutionConfigurationPlatforms) = preSolution
		Debug|Any CPU = Debug|Any CPU
		Release|Any CPU = Release|Any CPU
	EndGlobalSection
	GlobalSection(ProjectConfigurationPlatforms) = postSolution
		{5EB3E2E5-8001-4547-917D-CAC6AC6468C0}.Debug|Any CPU.ActiveCfg = Debug|Any CPU
		{5EB3E2E5-8001-4547-917D-CAC6AC6468C0}.Debug|Any CPU.Build.0 = Debug|Any CPU
		{5EB3E2E5-8001-4547-917D-CAC6AC6468C0}.Release|Any CPU.ActiveCfg = Release|Any CPU
		{5EB3E2E5-8001-4547-917D-CAC6AC6468C0}.Release|Any CPU.Build.0 = Release|Any CPU
	EndGlobalSection
	GlobalSection(SolutionProperties) = preSolution
		HideSolutionNode = FALSE
	EndGlobalSection
	GlobalSection(ExtensibilityGlobals) = postSolution
		SolutionGuid = {891981EF-EAB7-4279-A617-2425DFBCF2D0}
	EndGlobalSection
EndGlobal
